[{<<"ibrowse">>,
  {git,"https://github.com/cmullaparthi/ibrowse/",
       {ref,"fd81d44182507c23445ed720df8c30e2e8da9d9b"}},
  0},
 {<<"jsx">>,{pkg,<<"jsx">>,<<"2.8.0">>},0},
 {<<"quickrand">>,
  {git,"https://github.com/okeuday/quickrand.git",
       {ref,"49aa03828233b2fec398ea4244a568aeac827dd8"}},
  1},
 {<<"sync">>,
  {git,"git://github.com/rustyio/sync",
       {ref,"9c78e7b4fe28c75d18ad6971585a204b96e47db1"}},
  0},
 {<<"uuid">>,
  {git,"https://github.com/okeuday/uuid.git",
       {ref,"6bc38507460c821321d66504d3f8d6c1cdb57d98"}},
  0}].
